
Microsoft Visual Studio Solution File, Format Version 12.00
# Visual Studio 15
VisualStudioVersion = 15.0.28307.539
MinimumVisualStudioVersion = 10.0.40219.1
Project("{FAE04EC0-301F-11D3-BF4B-00C04F79EFBC}") = "FanTheoryAPI", "FanTheoryAPI\FanTheoryAPI.csproj", "{04ED4546-5E51-4A03-80A5-A63EB634A85A}"
EndProject
Global
	GlobalSection(SolutionConfigurationPlatforms) = preSolution
		Debug|Any CPU = Debug|Any CPU
		Release|Any CPU = Release|Any CPU
	EndGlobalSection
	GlobalSection(ProjectConfigurationPlatforms) = postSolution
		{04ED4546-5E51-4A03-80A5-A63EB634A85A}.Debug|Any CPU.ActiveCfg = Debug|Any CPU
		{04ED4546-5E51-4A03-80A5-A63EB634A85A}.Debug|Any CPU.Build.0 = Debug|Any CPU
		{04ED4546-5E51-4A03-80A5-A63EB634A85A}.Release|Any CPU.ActiveCfg = Release|Any CPU
		{04ED4546-5E51-4A03-80A5-A63EB634A85A}.Release|Any CPU.Build.0 = Release|Any CPU
	EndGlobalSection
	GlobalSection(SolutionProperties) = preSolution
		HideSolutionNode = FALSE
	EndGlobalSection
	GlobalSection(ExtensibilityGlobals) = postSolution
		SolutionGuid = {EA3D19E4-E130-41D4-8CD5-BAB09E4DF111}
	EndGlobalSection
EndGlobal
